// !$*UTF8*$!
{
	archiveVersion = 1;
	classes = {
	};
	objectVersion = 55;
	objects = {

/* Begin PBXBuildFile section */
		B1E338F527961472005B15B0 /* AppleMusic_AddRadioScreenApp.swift in Sources */ = {isa = PBXBuildFile; fileRef = B1E338F427961472005B15B0 /* AppleMusic_AddRadioScreenApp.swift */; };
		B1E338F727961472005B15B0 /* ContentView.swift in Sources */ = {isa = PBXBuildFile; fileRef = B1E338F627961472005B15B0 /* ContentView.swift */; };
		B1E338F927961473005B15B0 /* Assets.xcassets in Resources */ = {isa = PBXBuildFile; fileRef = B1E338F827961473005B15B0 /* Assets.xcassets */; };
		B1E338FC27961473005B15B0 /* Preview Assets.xcassets in Resources */ = {isa = PBXBuildFile; fileRef = B1E338FB27961473005B15B0 /* Preview Assets.xcassets */; };
		B1E3390427961FCE005B15B0 /* TabBar.swift in Sources */ = {isa = PBXBuildFile; fileRef = B1E3390327961FCE005B15B0 /* TabBar.swift */; };
		B1E3390727962199005B15B0 /* MiniPlayer.swift in Sources */ = {isa = PBXBuildFile; fileRef = B1E3390627962199005B15B0 /* MiniPlayer.swift */; };
		B1E33909279621BE005B15B0 /* BlurView.swift in Sources */ = {isa = PBXBuildFile; fileRef = B1E33908279621BE005B15B0 /* BlurView.swift */; };
		B1E3390C27962363005B15B0 /* ModelLibrary.swift in Sources */ = {isa = PBXBuildFile; fileRef = B1E3390B27962363005B15B0 /* ModelLibrary.swift */; };
		B1E3390E27962390005B15B0 /* ModelRadio.swift in Sources */ = {isa = PBXBuildFile; fileRef = B1E3390D27962390005B15B0 /* ModelRadio.swift */; };
		B1E33911279623C2005B15B0 /* ModelRadioStation.swift in Sources */ = {isa = PBXBuildFile; fileRef = B1E33910279623C2005B15B0 /* ModelRadioStation.swift */; };
		B1E339142796254D005B15B0 /* Library.swift in Sources */ = {isa = PBXBuildFile; fileRef = B1E339132796254D005B15B0 /* Library.swift */; };
		B1E3391627962576005B15B0 /* LibraryView.swift in Sources */ = {isa = PBXBuildFile; fileRef = B1E3391527962576005B15B0 /* LibraryView.swift */; };
		B1E3391827962593005B15B0 /* LibraryInfo.swift in Sources */ = {isa = PBXBuildFile; fileRef = B1E3391727962593005B15B0 /* LibraryInfo.swift */; };
/* End PBXBuildFile section */

/* Begin PBXFileReference section */
		B1E338F127961472005B15B0 /* AppleMusic-AddRadioScreen.app */ = {isa = PBXFileReference; explicitFileType = wrapper.application; includeInIndex = 0; path = "AppleMusic-AddRadioScreen.app"; sourceTree = BUILT_PRODUCTS_DIR; };
		B1E338F427961472005B15B0 /* AppleMusic_AddRadioScreenApp.swift */ = {isa = PBXFileReference; lastKnownFileType = sourcecode.swift; path = AppleMusic_AddRadioScreenApp.swift; sourceTree = "<group>"; };
		B1E338F627961472005B15B0 /* ContentView.swift */ = {isa = PBXFileReference; lastKnownFileType = sourcecode.swift; path = ContentView.swift; sourceTree = "<group>"; };
		B1E338F827961473005B15B0 /* Assets.xcassets */ = {isa = PBXFileReference; lastKnownFileType = folder.assetcatalog; path = Assets.xcassets; sourceTree = "<group>"; };
		B1E338FB27961473005B15B0 /* Preview Assets.xcassets */ = {isa = PBXFileReference; lastKnownFileType = folder.assetcatalog; path = "Preview Assets.xcassets"; sourceTree = "<group>"; };
		B1E3390327961FCE005B15B0 /* TabBar.swift */ = {isa = PBXFileReference; lastKnownFileType = sourcecode.swift; path = TabBar.swift; sourceTree = "<group>"; };
		B1E3390627962199005B15B0 /* MiniPlayer.swift */ = {isa = PBXFileReference; lastKnownFileType = sourcecode.swift; path = MiniPlayer.swift; sourceTree = "<group>"; };
		B1E33908279621BE005B15B0 /* BlurView.swift */ = {isa = PBXFileReference; lastKnownFileType = sourcecode.swift; path = BlurView.swift; sourceTree = "<group>"; };
		B1E3390B27962363005B15B0 /* ModelLibrary.swift */ = {isa = PBXFileReference; lastKnownFileType = sourcecode.swift; path = ModelLibrary.swift; sourceTree = "<group>"; };
		B1E3390D27962390005B15B0 /* ModelRadio.swift */ = {isa = PBXFileReference; lastKnownFileType = sourcecode.swift; path = ModelRadio.swift; sourceTree = "<group>"; };
		B1E33910279623C2005B15B0 /* ModelRadioStation.swift */ = {isa = PBXFileReference; lastKnownFileType = sourcecode.swift; path = ModelRadioStation.swift; sourceTree = "<group>"; };
		B1E339132796254D005B15B0 /* Library.swift */ = {isa = PBXFileReference; lastKnownFileType = sourcecode.swift; path = Library.swift; sourceTree = "<group>"; };
		B1E3391527962576005B15B0 /* LibraryView.swift */ = {isa = PBXFileReference; lastKnownFileType = sourcecode.swift; path = LibraryView.swift; sourceTree = "<group>"; };
		B1E3391727962593005B15B0 /* LibraryInfo.swift */ = {isa = PBXFileReference; lastKnownFileType = sourcecode.swift; path = LibraryInfo.swift; sourceTree = "<group>"; };
/* End PBXFileReference section */

/* Begin PBXFrameworksBuildPhase section */
		B1E338EE27961472005B15B0 /* Frameworks */ = {
			isa = PBXFrameworksBuildPhase;
			buildActionMask = 2147483647;
			files = (
			);
			runOnlyForDeploymentPostprocessing = 0;
		};
/* End PBXFrameworksBuildPhase section */

/* Begin PBXGroup section */
		B1E338E827961471005B15B0 = {
			isa = PBXGroup;
			children = (
				B1E338F327961472005B15B0 /* AppleMusic-AddRadioScreen */,
				B1E338F227961472005B15B0 /* Products */,
			);
			sourceTree = "<group>";
		};
		B1E338F227961472005B15B0 /* Products */ = {
			isa = PBXGroup;
			children = (
				B1E338F127961472005B15B0 /* AppleMusic-AddRadioScreen.app */,
			);
			name = Products;
			sourceTree = "<group>";
		};
		B1E338F327961472005B15B0 /* AppleMusic-AddRadioScreen */ = {
			isa = PBXGroup;
			children = (
				B1E339122796252E005B15B0 /* LibrarySetup */,
				B1E3390A27962342005B15B0 /* Models */,
				B1E3390527962168005B15B0 /* MusicPlayer */,
				B1E3390227961F5B005B15B0 /* View */,
				B1E338F427961472005B15B0 /* AppleMusic_AddRadioScreenApp.swift */,
				B1E338F627961472005B15B0 /* ContentView.swift */,
				B1E338F827961473005B15B0 /* Assets.xcassets */,
				B1E338FA27961473005B15B0 /* Preview Content */,
			);
			path = "AppleMusic-AddRadioScreen";
			sourceTree = "<group>";
		};
		B1E338FA27961473005B15B0 /* Preview Content */ = {
			isa = PBXGroup;
			children = (
				B1E338FB27961473005B15B0 /* Preview Assets.xcassets */,
			);
			path = "Preview Content";
			sourceTree = "<group>";
		};
		B1E3390227961F5B005B15B0 /* View */ = {
			isa = PBXGroup;
			children = (
				B1E3390327961FCE005B15B0 /* TabBar.swift */,
			);
			path = View;
			sourceTree = "<group>";
		};
		B1E3390527962168005B15B0 /* MusicPlayer */ = {
			isa = PBXGroup;
			children = (
				B1E3390627962199005B15B0 /* MiniPlayer.swift */,
				B1E33908279621BE005B15B0 /* BlurView.swift */,
			);
			path = MusicPlayer;
			sourceTree = "<group>";
		};
		B1E3390A27962342005B15B0 /* Models */ = {
			isa = PBXGroup;
			children = (
				B1E3390B27962363005B15B0 /* ModelLibrary.swift */,
				B1E3390D27962390005B15B0 /* ModelRadio.swift */,
				B1E33910279623C2005B15B0 /* ModelRadioStation.swift */,
			);
			path = Models;
			sourceTree = "<group>";
		};
		B1E339122796252E005B15B0 /* LibrarySetup */ = {
			isa = PBXGroup;
			children = (
				B1E339132796254D005B15B0 /* Library.swift */,
				B1E3391527962576005B15B0 /* LibraryView.swift */,
				B1E3391727962593005B15B0 /* LibraryInfo.swift */,
			);
			path = LibrarySetup;
			sourceTree = "<group>";
		};
/* End PBXGroup section */

/* Begin PBXNativeTarget section */
		B1E338F027961472005B15B0 /* AppleMusic-AddRadioScreen */ = {
			isa = PBXNativeTarget;
			buildConfigurationList = B1E338FF27961473005B15B0 /* Build configuration list for PBXNativeTarget "AppleMusic-AddRadioScreen" */;
			buildPhases = (
				B1E338ED27961472005B15B0 /* Sources */,
				B1E338EE27961472005B15B0 /* Frameworks */,
				B1E338EF27961472005B15B0 /* Resources */,
			);
			buildRules = (
			);
			dependencies = (
			);
			name = "AppleMusic-AddRadioScreen";
			productName = "AppleMusic-AddRadioScreen";
			productReference = B1E338F127961472005B15B0 /* AppleMusic-AddRadioScreen.app */;
			productType = "com.apple.product-type.application";
		};
/* End PBXNativeTarget section */

/* Begin PBXProject section */
		B1E338E927961471005B15B0 /* Project object */ = {
			isa = PBXProject;
			attributes = {
				BuildIndependentTargetsInParallel = 1;
				LastSwiftUpdateCheck = 1320;
				LastUpgradeCheck = 1320;
				TargetAttributes = {
					B1E338F027961472005B15B0 = {
						CreatedOnToolsVersion = 13.2.1;
					};
				};
			};
			buildConfigurationList = B1E338EC27961471005B15B0 /* Build configuration list for PBXProject "AppleMusic-AddRadioScreen" */;
			compatibilityVersion = "Xcode 13.0";
			developmentRegion = en;
			hasScannedForEncodings = 0;
			knownRegions = (
				en,
				Base,
			);
			mainGroup = B1E338E827961471005B15B0;
			productRefGroup = B1E338F227961472005B15B0 /* Products */;
			projectDirPath = "";
			projectRoot = "";
			targets = (
				B1E338F027961472005B15B0 /* AppleMusic-AddRadioScreen */,
			);
		};
/* End PBXProject section */

/* Begin PBXResourcesBuildPhase section */
		B1E338EF27961472005B15B0 /* Resources */ = {
			isa = PBXResourcesBuildPhase;
			buildActionMask = 2147483647;
			files = (
				B1E338FC27961473005B15B0 /* Preview Assets.xcassets in Resources */,
				B1E338F927961473005B15B0 /* Assets.xcassets in Resources */,
			);
			runOnlyForDeploymentPostprocessing = 0;
		};
/* End PBXResourcesBuildPhase section */

/* Begin PBXSourcesBuildPhase section */
		B1E338ED27961472005B15B0 /* Sources */ = {
			isa = PBXSourcesBuildPhase;
			buildActionMask = 2147483647;
			files = (
				B1E3390427961FCE005B15B0 /* TabBar.swift in Sources */,
				B1E3390E27962390005B15B0 /* ModelRadio.swift in Sources */,
				B1E3390727962199005B15B0 /* MiniPlayer.swift in Sources */,
				B1E33909279621BE005B15B0 /* BlurView.swift in Sources */,
				B1E33911279623C2005B15B0 /* ModelRadioStation.swift in Sources */,
				B1E3390C27962363005B15B0 /* ModelLibrary.swift in Sources */,
				B1E338F727961472005B15B0 /* ContentView.swift in Sources */,
				B1E338F527961472005B15B0 /* AppleMusic_AddRadioScreenApp.swift in Sources */,
				B1E3391627962576005B15B0 /* LibraryView.swift in Sources */,
				B1E339142796254D005B15B0 /* Library.swift in Sources */,
				B1E3391827962593005B15B0 /* LibraryInfo.swift in Sources */,
			);
			runOnlyForDeploymentPostprocessing = 0;
		};
/* End PBXSourcesBuildPhase section */

/* Begin XCBuildConfiguration section */
		B1E338FD27961473005B15B0 /* Debug */ = {
			isa = XCBuildConfiguration;
			buildSettings = {
				ALWAYS_SEARCH_USER_PATHS = NO;
				CLANG_ANALYZER_NONNULL = YES;
				CLANG_ANALYZER_NUMBER_OBJECT_CONVERSION = YES_AGGRESSIVE;
				CLANG_CXX_LANGUAGE_STANDARD = "gnu++17";
				CLANG_CXX_LIBRARY = "libc++";
				CLANG_ENABLE_MODULES = YES;
				CLANG_ENABLE_OBJC_ARC = YES;
				CLANG_ENABLE_OBJC_WEAK = YES;
				CLANG_WARN_BLOCK_CAPTURE_AUTORELEASING = YES;
				CLANG_WARN_BOOL_CONVERSION = YES;
				CLANG_WARN_COMMA = YES;
				CLANG_WARN_CONSTANT_CONVERSION = YES;
				CLANG_WARN_DEPRECATED_OBJC_IMPLEMENTATIONS = YES;
				CLANG_WARN_DIRECT_OBJC_ISA_USAGE = YES_ERROR;
				CLANG_WARN_DOCUMENTATION_COMMENTS = YES;
				CLANG_WARN_EMPTY_BODY = YES;
				CLANG_WARN_ENUM_CONVERSION = YES;
				CLANG_WARN_INFINITE_RECURSION = YES;
				CLANG_WARN_INT_CONVERSION = YES;
				CLANG_WARN_NON_LITERAL_NULL_CONVERSION = YES;
				CLANG_WARN_OBJC_IMPLICIT_RETAIN_SELF = YES;
				CLANG_WARN_OBJC_LITERAL_CONVERSION = YES;
				CLANG_WARN_OBJC_ROOT_CLASS = YES_ERROR;
				CLANG_WARN_QUOTED_INCLUDE_IN_FRAMEWORK_HEADER = YES;
				CLANG_WARN_RANGE_LOOP_ANALYSIS = YES;
				CLANG_WARN_STRICT_PROTOTYPES = YES;
				CLANG_WARN_SUSPICIOUS_MOVE = YES;
				CLANG_WARN_UNGUARDED_AVAILABILITY = YES_AGGRESSIVE;
				CLANG_WARN_UNREACHABLE_CODE = YES;
				CLANG_WARN__DUPLICATE_METHOD_MATCH = YES;
				COPY_PHASE_STRIP = NO;
				DEBUG_INFORMATION_FORMAT = dwarf;
				ENABLE_STRICT_OBJC_MSGSEND = YES;
				ENABLE_TESTABILITY = YES;
				GCC_C_LANGUAGE_STANDARD = gnu11;
				GCC_DYNAMIC_NO_PIC = NO;
				GCC_NO_COMMON_BLOCKS = YES;
				GCC_OPTIMIZATION_LEVEL = 0;
				GCC_PREPROCESSOR_DEFINITIONS = (
					"DEBUG=1",
					"$(inherited)",
				);
				GCC_WARN_64_TO_32_BIT_CONVERSION = YES;
				GCC_WARN_ABOUT_RETURN_TYPE = YES_ERROR;
				GCC_WARN_UNDECLARED_SELECTOR = YES;
				GCC_WARN_UNINITIALIZED_AUTOS = YES_AGGRESSIVE;
				GCC_WARN_UNUSED_FUNCTION = YES;
				GCC_WARN_UNUSED_VARIABLE = YES;
				IPHONEOS_DEPLOYMENT_TARGET = 15.2;
				MTL_ENABLE_DEBUG_INFO = INCLUDE_SOURCE;
				MTL_FAST_MATH = YES;
				ONLY_ACTIVE_ARCH = YES;
				SDKROOT = iphoneos;
				SWIFT_ACTIVE_COMPILATION_CONDITIONS = DEBUG;
				SWIFT_OPTIMIZATION_LEVEL = "-Onone";
			};
			name = Debug;
		};
		B1E338FE27961473005B15B0 /* Release */ = {
			isa = XCBuildConfiguration;
			buildSettings = {
				ALWAYS_SEARCH_USER_PATHS = NO;
				CLANG_ANALYZER_NONNULL = YES;
				CLANG_ANALYZER_NUMBER_OBJECT_CONVERSION = YES_AGGRESSIVE;
				CLANG_CXX_LANGUAGE_STANDARD = "gnu++17";
				CLANG_CXX_LIBRARY = "libc++";
				CLANG_ENABLE_MODULES = YES;
				CLANG_ENABLE_OBJC_ARC = YES;
				CLANG_ENABLE_OBJC_WEAK = YES;
				CLANG_WARN_BLOCK_CAPTURE_AUTORELEASING = YES;
				CLANG_WARN_BOOL_CONVERSION = YES;
				CLANG_WARN_COMMA = YES;
				CLANG_WARN_CONSTANT_CONVERSION = YES;
				CLANG_WARN_DEPRECATED_OBJC_IMPLEMENTATIONS = YES;
				CLANG_WARN_DIRECT_OBJC_ISA_USAGE = YES_ERROR;
				CLANG_WARN_DOCUMENTATION_COMMENTS = YES;
				CLANG_WARN_EMPTY_BODY = YES;
				CLANG_WARN_ENUM_CONVERSION = YES;
				CLANG_WARN_INFINITE_RECURSION = YES;
				CLANG_WARN_INT_CONVERSION = YES;
				CLANG_WARN_NON_LITERAL_NULL_CONVERSION = YES;
				CLANG_WARN_OBJC_IMPLICIT_RETAIN_SELF = YES;
				CLANG_WARN_OBJC_LITERAL_CONVERSION = YES;
				CLANG_WARN_OBJC_ROOT_CLASS = YES_ERROR;
				CLANG_WARN_QUOTED_INCLUDE_IN_FRAMEWORK_HEADER = YES;
				CLANG_WARN_RANGE_LOOP_ANALYSIS = YES;
				CLANG_WARN_STRICT_PROTOTYPES = YES;
				CLANG_WARN_SUSPICIOUS_MOVE = YES;
				CLANG_WARN_UNGUARDED_AVAILABILITY = YES_AGGRESSIVE;
				CLANG_WARN_UNREACHABLE_CODE = YES;
				CLANG_WARN__DUPLICATE_METHOD_MATCH = YES;
				COPY_PHASE_STRIP = NO;
				DEBUG_INFORMATION_FORMAT = "dwarf-with-dsym";
				ENABLE_NS_ASSERTIONS = NO;
				ENABLE_STRICT_OBJC_MSGSEND = YES;
				GCC_C_LANGUAGE_STANDARD = gnu11;
				GCC_NO_COMMON_BLOCKS = YES;
				GCC_WARN_64_TO_32_BIT_CONVERSION = YES;
				GCC_WARN_ABOUT_RETURN_TYPE = YES_ERROR;
				GCC_WARN_UNDECLARED_SELECTOR = YES;
				GCC_WARN_UNINITIALIZED_AUTOS = YES_AGGRESSIVE;
				GCC_WARN_UNUSED_FUNCTION = YES;
				GCC_WARN_UNUSED_VARIABLE = YES;
				IPHONEOS_DEPLOYMENT_TARGET = 15.2;
				MTL_ENABLE_DEBUG_INFO = NO;
				MTL_FAST_MATH = YES;
				SDKROOT = iphoneos;
				SWIFT_COMPILATION_MODE = wholemodule;
				SWIFT_OPTIMIZATION_LEVEL = "-O";
				VALIDATE_PRODUCT = YES;
			};
			name = Release;
		};
		B1E3390027961473005B15B0 /* Debug */ = {
			isa = XCBuildConfiguration;
			buildSettings = {
				ASSETCATALOG_COMPILER_APPICON_NAME = AppIcon;
				ASSETCATALOG_COMPILER_GLOBAL_ACCENT_COLOR_NAME = AccentColor;
				CODE_SIGN_STYLE = Automatic;
				CURRENT_PROJECT_VERSION = 1;
				DEVELOPMENT_ASSET_PATHS = "\"AppleMusic-AddRadioScreen/Preview Content\"";
				DEVELOPMENT_TEAM = UZ7VU7FUUA;
				ENABLE_PREVIEWS = YES;
				GENERATE_INFOPLIST_FILE = YES;
				INFOPLIST_KEY_UIApplicationSceneManifest_Generation = YES;
				INFOPLIST_KEY_UIApplicationSupportsIndirectInputEvents = YES;
				INFOPLIST_KEY_UILaunchScreen_Generation = YES;
				INFOPLIST_KEY_UISupportedInterfaceOrientations_iPad = "UIInterfaceOrientationPortrait UIInterfaceOrientationPortraitUpsideDown UIInterfaceOrientationLandscapeLeft UIInterfaceOrientationLandscapeRight";
				INFOPLIST_KEY_UISupportedInterfaceOrientations_iPhone = "UIInterfaceOrientationPortrait UIInterfaceOrientationLandscapeLeft UIInterfaceOrientationLandscapeRight";
				LD_RUNPATH_SEARCH_PATHS = (
					"$(inherited)",
					"@executable_path/Frameworks",
				);
				MARKETING_VERSION = 1.0;
				PRODUCT_BUNDLE_IDENTIFIER = "com.my.AppleMusic-AddRadioScreen";
				PRODUCT_NAME = "$(TARGET_NAME)";
				SWIFT_EMIT_LOC_STRINGS = YES;
				SWIFT_VERSION = 5.0;
				TARGETED_DEVICE_FAMILY = "1,2";
			};
			name = Debug;
		};
		B1E3390127961473005B15B0 /* Release */ = {
			isa = XCBuildConfiguration;
			buildSettings = {
				ASSETCATALOG_COMPILER_APPICON_NAME = AppIcon;
				ASSETCATALOG_COMPILER_GLOBAL_ACCENT_COLOR_NAME = AccentColor;
				CODE_SIGN_STYLE = Automatic;
				CURRENT_PROJECT_VERSION = 1;
				DEVELOPMENT_ASSET_PATHS = "\"AppleMusic-AddRadioScreen/Preview Content\"";
				DEVELOPMENT_TEAM = UZ7VU7FUUA;
				ENABLE_PREVIEWS = YES;
				GENERATE_INFOPLIST_FILE = YES;
				INFOPLIST_KEY_UIApplicationSceneManifest_Generation = YES;
				INFOPLIST_KEY_UIApplicationSupportsIndirectInputEvents = YES;
				INFOPLIST_KEY_UILaunchScreen_Generation = YES;
				INFOPLIST_KEY_UISupportedInterfaceOrientations_iPad = "UIInterfaceOrientationPortrait UIInterfaceOrientationPortraitUpsideDown UIInterfaceOrientationLandscapeLeft UIInterfaceOrientationLandscapeRight";
				INFOPLIST_KEY_UISupportedInterfaceOrientations_iPhone = "UIInterfaceOrientationPortrait UIInterfaceOrientationLandscapeLeft UIInterfaceOrientationLandscapeRight";
				LD_RUNPATH_SEARCH_PATHS = (
					"$(inherited)",
					"@executable_path/Frameworks",
				);
				MARKETING_VERSION = 1.0;
				PRODUCT_BUNDLE_IDENTIFIER = "com.my.AppleMusic-AddRadioScreen";
				PRODUCT_NAME = "$(TARGET_NAME)";
				SWIFT_EMIT_LOC_STRINGS = YES;
				SWIFT_VERSION = 5.0;
				TARGETED_DEVICE_FAMILY = "1,2";
			};
			name = Release;
		};
/* End XCBuildConfiguration section */

/* Begin XCConfigurationList section */
		B1E338EC27961471005B15B0 /* Build configuration list for PBXProject "AppleMusic-AddRadioScreen" */ = {
			isa = XCConfigurationList;
			buildConfigurations = (
				B1E338FD27961473005B15B0 /* Debug */,
				B1E338FE27961473005B15B0 /* Release */,
			);
			defaultConfigurationIsVisible = 0;
			defaultConfigurationName = Release;
		};
		B1E338FF27961473005B15B0 /* Build configuration list for PBXNativeTarget "AppleMusic-AddRadioScreen" */ = {
			isa = XCConfigurationList;
			buildConfigurations = (
				B1E3390027961473005B15B0 /* Debug */,
				B1E3390127961473005B15B0 /* Release */,
			);
			defaultConfigurationIsVisible = 0;
			defaultConfigurationName = Release;
		};
/* End XCConfigurationList section */
	};
	rootObject = B1E338E927961471005B15B0 /* Project object */;
}
